
Microsoft Visual Studio Solution File, Format Version 12.00
# Visual Studio Version 17
VisualStudioVersion = 17.0.32112.339
MinimumVisualStudioVersion = 10.0.40219.1
Project("{FAE04EC0-301F-11D3-BF4B-00C04F79EFBC}") = "AP01Project", "AP01Project.csproj", "{3C0E5C65-1E9D-41BD-BD2C-187CD8DFE23D}"
EndProject
Global
	GlobalSection(SolutionConfigurationPlatforms) = preSolution
		Debug|Any CPU = Debug|Any CPU
		Release|Any CPU = Release|Any CPU
	EndGlobalSection
	GlobalSection(ProjectConfigurationPlatforms) = postSolution
		{3C0E5C65-1E9D-41BD-BD2C-187CD8DFE23D}.Debug|Any CPU.ActiveCfg = Debug|Any CPU
		{3C0E5C65-1E9D-41BD-BD2C-187CD8DFE23D}.Debug|Any CPU.Build.0 = Debug|Any CPU
		{3C0E5C65-1E9D-41BD-BD2C-187CD8DFE23D}.Release|Any CPU.ActiveCfg = Release|Any CPU
		{3C0E5C65-1E9D-41BD-BD2C-187CD8DFE23D}.Release|Any CPU.Build.0 = Release|Any CPU
	EndGlobalSection
	GlobalSection(SolutionProperties) = preSolution
		HideSolutionNode = FALSE
	EndGlobalSection
	GlobalSection(ExtensibilityGlobals) = postSolution
		SolutionGuid = {E84F739E-D19C-469C-85C9-74222E484955}
	EndGlobalSection
EndGlobal
